
Microsoft Visual Studio Solution File, Format Version 12.00
# Visual Studio Version 16
VisualStudioVersion = 16.0.31205.134
MinimumVisualStudioVersion = 10.0.40219.1
Project("{FAE04EC0-301F-11D3-BF4B-00C04F79EFBC}") = "ActionsTemplate", "ActionsTemplate\ActionsTemplate.csproj", "{9370F58F-2644-4AC2-BA95-27AE912713FB}"
EndProject
Global
	GlobalSection(SolutionConfigurationPlatforms) = preSolution
		Debug|Any CPU = Debug|Any CPU
		Release|Any CPU = Release|Any CPU
	EndGlobalSection
	GlobalSection(ProjectConfigurationPlatforms) = postSolution
		{9370F58F-2644-4AC2-BA95-27AE912713FB}.Debug|Any CPU.ActiveCfg = Debug|Any CPU
		{9370F58F-2644-4AC2-BA95-27AE912713FB}.Debug|Any CPU.Build.0 = Debug|Any CPU
		{9370F58F-2644-4AC2-BA95-27AE912713FB}.Release|Any CPU.ActiveCfg = Release|Any CPU
		{9370F58F-2644-4AC2-BA95-27AE912713FB}.Release|Any CPU.Build.0 = Release|Any CPU
	EndGlobalSection
	GlobalSection(SolutionProperties) = preSolution
		HideSolutionNode = FALSE
	EndGlobalSection
	GlobalSection(ExtensibilityGlobals) = postSolution
		SolutionGuid = {9E6D051A-00E7-4B2C-AA8C-18D299B25382}
	EndGlobalSection
EndGlobal
